
Microsoft Visual Studio Solution File, Format Version 12.00
# Visual Studio 2013
VisualStudioVersion = 12.0.21005.1
MinimumVisualStudioVersion = 10.0.40219.1
Project("{FAE04EC0-301F-11D3-BF4B-00C04F79EFBC}") = "GeneralForm", "GeneralForm\GeneralForm.csproj", "{430B13FD-F7CF-440E-9088-A8A4811B61C9}"
EndProject
Project("{FAE04EC0-301F-11D3-BF4B-00C04F79EFBC}") = "EntropyRiseStockTP0", "EntropyRiseStockTP0\EntropyRiseStockTP0.csproj", "{E0643F28-FEA6-4A13-9E03-DE2D5D3AC5D2}"
EndProject
Project("{FAE04EC0-301F-11D3-BF4B-00C04F79EFBC}") = "DataAPI", "DataAPI\DataAPI.csproj", "{D0F5121A-C876-4F13-A273-5F988AC6DE08}"
EndProject
Project("{FAE04EC0-301F-11D3-BF4B-00C04F79EFBC}") = "DataBase", "DataBase\DataBase.csproj", "{F8B093F5-1D2E-4A95-A283-46744B460888}"
EndProject
Project("{FAE04EC0-301F-11D3-BF4B-00C04F79EFBC}") = "DataHub", "DataReceiver\DataHub.csproj", "{B781173F-6B16-498A-A795-6E56458DAC26}"
EndProject
Project("{FAE04EC0-301F-11D3-BF4B-00C04F79EFBC}") = "PolicyClient", "PolicyClient\PolicyClient.csproj", "{E13DA142-10E8-46F1-AF6F-6006E9D1585C}"
EndProject
Project("{FAE04EC0-301F-11D3-BF4B-00C04F79EFBC}") = "StockData", "StockData\StockData.csproj", "{A1F6D1D1-CAB8-4759-9445-2C69990F61AE}"
EndProject
Project("{FAE04EC0-301F-11D3-BF4B-00C04F79EFBC}") = "StockPolicies", "StockPolicies\StockPolicies.csproj", "{8A1FB4B0-5B2F-4242-8122-E305BC22F13B}"
EndProject
Project("{FAE04EC0-301F-11D3-BF4B-00C04F79EFBC}") = "StockPolicyContorl", "StockPolicyContorl\StockPolicyContorl.csproj", "{83B4D6E5-645A-4375-ACCC-C88A053F95F1}"
EndProject
Project("{FAE04EC0-301F-11D3-BF4B-00C04F79EFBC}") = "StockTradeAPI", "StockTradeAPI\StockTradeAPI.csproj", "{2E280912-15BB-4D6A-B85E-AF3BF6BD87EB}"
EndProject
Project("{2150E333-8FDC-42A3-9474-1A3956D46DE8}") = "Solution Items", "Solution Items", "{3151B4AD-1283-4D2C-83BB-18C9D1DF27BB}"
	ProjectSection(SolutionItems) = preProject
		PolicyDLL\LumenWorks.Framework.IO.dll = PolicyDLL\LumenWorks.Framework.IO.dll
		PolicyDLL\WebSocket4Net.dll = PolicyDLL\WebSocket4Net.dll
	EndProjectSection
EndProject
Project("{FAE04EC0-301F-11D3-BF4B-00C04F79EFBC}") = "PolicyBtcFuture0102", "PolicyBtcFuture0102\PolicyBtcFuture0102.csproj", "{F3BBB61D-EAB5-4D93-84D8-276CC3D486CE}"
EndProject
Project("{FAE04EC0-301F-11D3-BF4B-00C04F79EFBC}") = "TestFun", "TestFun\TestFun.csproj", "{8E942939-57AF-47C3-9293-C79AD61FBF08}"
EndProject
Project("{FAE04EC0-301F-11D3-BF4B-00C04F79EFBC}") = "PolicyBtcFuture0111", "PolicyBtcFuture0111\PolicyBtcFuture0111.csproj", "{C8A6CB0F-A39C-4D5C-B138-2FFC1F71EDC6}"
EndProject
Project("{FAE04EC0-301F-11D3-BF4B-00C04F79EFBC}") = "TradeAPIOkex", "TradeAPIOkex\TradeAPIOkex.csproj", "{3B90C35B-B102-4977-B379-0269E65586B7}"
EndProject
Project("{FAE04EC0-301F-11D3-BF4B-00C04F79EFBC}") = "StockTrade", "StockTrade\StockTrade.csproj", "{4069DD86-11F3-4787-96CE-FAF405D806DB}"
EndProject
Project("{FAE04EC0-301F-11D3-BF4B-00C04F79EFBC}") = "TradeAPIFcoin", "TradeAPIFcoin\TradeAPIFcoin.csproj", "{641C23F9-5A38-4865-BD03-84497D828CFB}"
EndProject
Project("{FAE04EC0-301F-11D3-BF4B-00C04F79EFBC}") = "PolicyBtc0601", "PolicyBtc0601\PolicyBtc0601.csproj", "{14CCC446-85C1-4E71-B0C5-67804C567937}"
EndProject
Project("{FAE04EC0-301F-11D3-BF4B-00C04F79EFBC}") = "PolicyBtcFuture0226", "PolicyBtcFuture0226\PolicyBtcFuture0226.csproj", "{2B9EC82C-16A8-4272-8209-7667D47D2EED}"
EndProject
Project("{FAE04EC0-301F-11D3-BF4B-00C04F79EFBC}") = "PolicyBtcFuture0318", "PolicyBtcFuture0318\PolicyBtcFuture0318.csproj", "{36CDC8F7-229A-4818-A298-BE949EC580EC}"
EndProject
Project("{FAE04EC0-301F-11D3-BF4B-00C04F79EFBC}") = "TradeAPIFcoinJP", "TradeAPIFcoinJP\TradeAPIFcoinJP.csproj", "{CC385DE6-FDA3-49CF-BC60-71627F249764}"
EndProject
Project("{FAE04EC0-301F-11D3-BF4B-00C04F79EFBC}") = "TradeAPIHuoBi", "TradeAPIHuoBi\TradeAPIHuoBi.csproj", "{83559E99-EA72-465F-AFED-29ABDDFA795E}"
EndProject
Project("{FAE04EC0-301F-11D3-BF4B-00C04F79EFBC}") = "PolicyBtcFuture1225", "PolicyBtcFuture1225\PolicyBtcFuture1225.csproj", "{98FBFCBF-5979-40FC-91D4-1F075628616E}"
EndProject
Project("{FAE04EC0-301F-11D3-BF4B-00C04F79EFBC}") = "PolicyBtcFuture0417", "PolicyBtcFuture0417\PolicyBtcFuture0417.csproj", "{7D0B0A70-5A09-4095-AA7A-29F5888A3D35}"
EndProject
Project("{FAE04EC0-301F-11D3-BF4B-00C04F79EFBC}") = "PolicyBtcFuture0315", "PolicyBtcFuture0315\PolicyBtcFuture0315.csproj", "{A292E05C-D343-4174-8363-BF7528FFE9DB}"
EndProject
Project("{FAE04EC0-301F-11D3-BF4B-00C04F79EFBC}") = "PolicyFuture0522", "PolicyFuture0522\PolicyFuture0522.csproj", "{C93F70BD-4E34-4F7E-AC90-69745679FFFC}"
EndProject
Global
	GlobalSection(TeamFoundationVersionControl) = preSolution
		SccNumberOfProjects = 26
		SccEnterpriseProvider = {4CA58AB2-18FA-4F8D-95D4-32DDF27D184C}
		SccTeamFoundationServer = http://192.168.200.10:8080/tfs/bitcoin
		SccLocalPath0 = .
		SccProjectUniqueName1 = DataAPI\\DataAPI.csproj
		SccProjectName1 = DataAPI
		SccLocalPath1 = DataAPI
		SccProjectUniqueName2 = DataBase\\DataBase.csproj
		SccProjectName2 = DataBase
		SccLocalPath2 = DataBase
		SccProjectUniqueName3 = DataReceiver\\DataHub.csproj
		SccProjectName3 = DataReceiver
		SccLocalPath3 = DataReceiver
		SccProjectUniqueName4 = EntropyRiseStockTP0\\EntropyRiseStockTP0.csproj
		SccProjectName4 = EntropyRiseStockTP0
		SccLocalPath4 = EntropyRiseStockTP0
		SccProjectUniqueName5 = GeneralForm\\GeneralForm.csproj
		SccProjectName5 = GeneralForm
		SccLocalPath5 = GeneralForm
		SccProjectUniqueName6 = PolicyBtc0601\\PolicyBtc0601.csproj
		SccProjectName6 = PolicyBtc0601
		SccLocalPath6 = PolicyBtc0601
		SccProjectUniqueName7 = PolicyBtcFuture0102\\PolicyBtcFuture0102.csproj
		SccProjectName7 = PolicyBtcFuture0102
		SccLocalPath7 = PolicyBtcFuture0102
		SccProjectUniqueName8 = PolicyBtcFuture0111\\PolicyBtcFuture0111.csproj
		SccProjectName8 = PolicyBtcFuture0111
		SccLocalPath8 = PolicyBtcFuture0111
		SccProjectUniqueName9 = PolicyBtcFuture0226\\PolicyBtcFuture0226.csproj
		SccProjectName9 = PolicyBtcFuture0226
		SccLocalPath9 = PolicyBtcFuture0226
		SccProjectUniqueName10 = PolicyBtcFuture0318\\PolicyBtcFuture0318.csproj
		SccProjectName10 = PolicyBtcFuture0318
		SccLocalPath10 = PolicyBtcFuture0318
		SccProjectUniqueName11 = PolicyClient\\PolicyClient.csproj
		SccProjectName11 = PolicyClient
		SccLocalPath11 = PolicyClient
		SccProjectUniqueName12 = StockData\\StockData.csproj
		SccProjectName12 = StockData
		SccLocalPath12 = StockData
		SccProjectUniqueName13 = StockPolicies\\StockPolicies.csproj
		SccProjectName13 = StockPolicies
		SccLocalPath13 = StockPolicies
		SccProjectUniqueName14 = StockPolicyContorl\\StockPolicyContorl.csproj
		SccProjectName14 = StockPolicyContorl
		SccLocalPath14 = StockPolicyContorl
		SccProjectUniqueName15 = StockTrade\\StockTrade.csproj
		SccProjectName15 = StockTrade
		SccLocalPath15 = StockTrade
		SccProjectUniqueName16 = StockTradeAPI\\StockTradeAPI.csproj
		SccProjectName16 = StockTradeAPI
		SccLocalPath16 = StockTradeAPI
		SccProjectUniqueName17 = TestFun\\TestFun.csproj
		SccProjectName17 = TestFun
		SccLocalPath17 = TestFun
		SccProjectUniqueName18 = TradeAPIFcoin\\TradeAPIFcoin.csproj
		SccProjectName18 = TradeAPIFcoin
		SccLocalPath18 = TradeAPIFcoin
		SccProjectUniqueName19 = TradeAPIFcoinJP\\TradeAPIFcoinJP.csproj
		SccProjectName19 = TradeAPIFcoinJP
		SccLocalPath19 = TradeAPIFcoinJP
		SccProjectUniqueName20 = TradeAPIHuoBi\\TradeAPIHuoBi.csproj
		SccProjectName20 = TradeAPIHuoBi
		SccLocalPath20 = TradeAPIHuoBi
		SccProjectUniqueName21 = TradeAPIOkex\\TradeAPIOkex.csproj
		SccProjectName21 = TradeAPIOkex
		SccLocalPath21 = TradeAPIOkex
		SccProjectUniqueName22 = PolicyBtcFuture1225\\PolicyBtcFuture1225.csproj
		SccProjectName22 = PolicyBtcFuture1225
		SccLocalPath22 = PolicyBtcFuture1225
		SccProjectUniqueName23 = PolicyBtcFuture0417\\PolicyBtcFuture0417.csproj
		SccProjectName23 = PolicyBtcFuture0417
		SccLocalPath23 = PolicyBtcFuture0417
		SccProjectUniqueName24 = PolicyBtcFuture0315\\PolicyBtcFuture0315.csproj
		SccProjectName24 = PolicyBtcFuture0315
		SccLocalPath24 = PolicyBtcFuture0315
		SccProjectUniqueName25 = PolicyFuture0522\\PolicyFuture0522.csproj
		SccProjectName25 = PolicyFuture0522
		SccLocalPath25 = PolicyFuture0522
	EndGlobalSection
	GlobalSection(SolutionConfigurationPlatforms) = preSolution
		Debug|Any CPU = Debug|Any CPU
		Debug|x86 = Debug|x86
		ReadOnly|Any CPU = ReadOnly|Any CPU
		ReadOnly|x86 = ReadOnly|x86
		Receive|Any CPU = Receive|Any CPU
		Receive|x86 = Receive|x86
		Release|Any CPU = Release|Any CPU
		Release|x86 = Release|x86
	EndGlobalSection
	GlobalSection(ProjectConfigurationPlatforms) = postSolution
		{430B13FD-F7CF-440E-9088-A8A4811B61C9}.Debug|Any CPU.ActiveCfg = Debug|Any CPU
		{430B13FD-F7CF-440E-9088-A8A4811B61C9}.Debug|Any CPU.Build.0 = Debug|Any CPU
		{430B13FD-F7CF-440E-9088-A8A4811B61C9}.Debug|Any CPU.Deploy.0 = Debug|Any CPU
		{430B13FD-F7CF-440E-9088-A8A4811B61C9}.Debug|x86.ActiveCfg = Debug|Any CPU
		{430B13FD-F7CF-440E-9088-A8A4811B61C9}.ReadOnly|Any CPU.ActiveCfg = Release|Any CPU
		{430B13FD-F7CF-440E-9088-A8A4811B61C9}.ReadOnly|Any CPU.Build.0 = Release|Any CPU
		{430B13FD-F7CF-440E-9088-A8A4811B61C9}.ReadOnly|x86.ActiveCfg = Release|Any CPU
		{430B13FD-F7CF-440E-9088-A8A4811B61C9}.Receive|Any CPU.ActiveCfg = Release|Any CPU
		{430B13FD-F7CF-440E-9088-A8A4811B61C9}.Receive|Any CPU.Build.0 = Release|Any CPU
		{430B13FD-F7CF-440E-9088-A8A4811B61C9}.Receive|x86.ActiveCfg = Release|Any CPU
		{430B13FD-F7CF-440E-9088-A8A4811B61C9}.Receive|x86.Build.0 = Release|Any CPU
		{430B13FD-F7CF-440E-9088-A8A4811B61C9}.Release|Any CPU.ActiveCfg = Release|Any CPU
		{430B13FD-F7CF-440E-9088-A8A4811B61C9}.Release|Any CPU.Build.0 = Release|Any CPU
		{430B13FD-F7CF-440E-9088-A8A4811B61C9}.Release|x86.ActiveCfg = Release|Any CPU
		{E0643F28-FEA6-4A13-9E03-DE2D5D3AC5D2}.Debug|Any CPU.ActiveCfg = Debug|Any CPU
		{E0643F28-FEA6-4A13-9E03-DE2D5D3AC5D2}.Debug|Any CPU.Build.0 = Debug|Any CPU
		{E0643F28-FEA6-4A13-9E03-DE2D5D3AC5D2}.Debug|x86.ActiveCfg = Debug|Any CPU
		{E0643F28-FEA6-4A13-9E03-DE2D5D3AC5D2}.ReadOnly|Any CPU.ActiveCfg = Receive|Any CPU
		{E0643F28-FEA6-4A13-9E03-DE2D5D3AC5D2}.ReadOnly|Any CPU.Build.0 = Receive|Any CPU
		{E0643F28-FEA6-4A13-9E03-DE2D5D3AC5D2}.ReadOnly|x86.ActiveCfg = Release|Any CPU
		{E0643F28-FEA6-4A13-9E03-DE2D5D3AC5D2}.Receive|Any CPU.ActiveCfg = Receive|Any CPU
		{E0643F28-FEA6-4A13-9E03-DE2D5D3AC5D2}.Receive|Any CPU.Build.0 = Receive|Any CPU
		{E0643F28-FEA6-4A13-9E03-DE2D5D3AC5D2}.Receive|x86.ActiveCfg = Receive|x86
		{E0643F28-FEA6-4A13-9E03-DE2D5D3AC5D2}.Receive|x86.Build.0 = Receive|x86
		{E0643F28-FEA6-4A13-9E03-DE2D5D3AC5D2}.Release|Any CPU.ActiveCfg = Release|Any CPU
		{E0643F28-FEA6-4A13-9E03-DE2D5D3AC5D2}.Release|Any CPU.Build.0 = Release|Any CPU
		{E0643F28-FEA6-4A13-9E03-DE2D5D3AC5D2}.Release|x86.ActiveCfg = Release|Any CPU
		{D0F5121A-C876-4F13-A273-5F988AC6DE08}.Debug|Any CPU.ActiveCfg = Debug|Any CPU
		{D0F5121A-C876-4F13-A273-5F988AC6DE08}.Debug|Any CPU.Build.0 = Debug|Any CPU
		{D0F5121A-C876-4F13-A273-5F988AC6DE08}.Debug|x86.ActiveCfg = Debug|Any CPU
		{D0F5121A-C876-4F13-A273-5F988AC6DE08}.ReadOnly|Any CPU.ActiveCfg = ReadOnly|Any CPU
		{D0F5121A-C876-4F13-A273-5F988AC6DE08}.ReadOnly|Any CPU.Build.0 = ReadOnly|Any CPU
		{D0F5121A-C876-4F13-A273-5F988AC6DE08}.ReadOnly|x86.ActiveCfg = ReadOnly|Any CPU
		{D0F5121A-C876-4F13-A273-5F988AC6DE08}.Receive|Any CPU.ActiveCfg = Release|Any CPU
		{D0F5121A-C876-4F13-A273-5F988AC6DE08}.Receive|Any CPU.Build.0 = Release|Any CPU
		{D0F5121A-C876-4F13-A273-5F988AC6DE08}.Receive|x86.ActiveCfg = Receive|Any CPU
		{D0F5121A-C876-4F13-A273-5F988AC6DE08}.Receive|x86.Build.0 = Receive|Any CPU
		{D0F5121A-C876-4F13-A273-5F988AC6DE08}.Release|Any CPU.ActiveCfg = Release|Any CPU
		{D0F5121A-C876-4F13-A273-5F988AC6DE08}.Release|Any CPU.Build.0 = Release|Any CPU
		{D0F5121A-C876-4F13-A273-5F988AC6DE08}.Release|x86.ActiveCfg = Release|Any CPU
		{F8B093F5-1D2E-4A95-A283-46744B460888}.Debug|Any CPU.ActiveCfg = Debug|Any CPU
		{F8B093F5-1D2E-4A95-A283-46744B460888}.Debug|Any CPU.Build.0 = Debug|Any CPU
		{F8B093F5-1D2E-4A95-A283-46744B460888}.Debug|x86.ActiveCfg = Debug|Any CPU
		{F8B093F5-1D2E-4A95-A283-46744B460888}.ReadOnly|Any CPU.ActiveCfg = ReadOnly|Any CPU
		{F8B093F5-1D2E-4A95-A283-46744B460888}.ReadOnly|Any CPU.Build.0 = ReadOnly|Any CPU
		{F8B093F5-1D2E-4A95-A283-46744B460888}.ReadOnly|x86.ActiveCfg = ReadOnly|Any CPU
		{F8B093F5-1D2E-4A95-A283-46744B460888}.Receive|Any CPU.ActiveCfg = Release|Any CPU
		{F8B093F5-1D2E-4A95-A283-46744B460888}.Receive|Any CPU.Build.0 = Release|Any CPU
		{F8B093F5-1D2E-4A95-A283-46744B460888}.Receive|x86.ActiveCfg = Receive|Any CPU
		{F8B093F5-1D2E-4A95-A283-46744B460888}.Receive|x86.Build.0 = Receive|Any CPU
		{F8B093F5-1D2E-4A95-A283-46744B460888}.Release|Any CPU.ActiveCfg = Release|Any CPU
		{F8B093F5-1D2E-4A95-A283-46744B460888}.Release|Any CPU.Build.0 = Release|Any CPU
		{F8B093F5-1D2E-4A95-A283-46744B460888}.Release|x86.ActiveCfg = Release|Any CPU
		{B781173F-6B16-498A-A795-6E56458DAC26}.Debug|Any CPU.ActiveCfg = Debug|Any CPU
		{B781173F-6B16-498A-A795-6E56458DAC26}.Debug|Any CPU.Build.0 = Debug|Any CPU
		{B781173F-6B16-498A-A795-6E56458DAC26}.Debug|x86.ActiveCfg = Debug|Any CPU
		{B781173F-6B16-498A-A795-6E56458DAC26}.ReadOnly|Any CPU.ActiveCfg = ReadOnly|Any CPU
		{B781173F-6B16-498A-A795-6E56458DAC26}.ReadOnly|Any CPU.Build.0 = ReadOnly|Any CPU
		{B781173F-6B16-498A-A795-6E56458DAC26}.ReadOnly|x86.ActiveCfg = ReadOnly|Any CPU
		{B781173F-6B16-498A-A795-6E56458DAC26}.Receive|Any CPU.ActiveCfg = Release|Any CPU
		{B781173F-6B16-498A-A795-6E56458DAC26}.Receive|Any CPU.Build.0 = Release|Any CPU
		{B781173F-6B16-498A-A795-6E56458DAC26}.Receive|x86.ActiveCfg = Receive|Any CPU
		{B781173F-6B16-498A-A795-6E56458DAC26}.Receive|x86.Build.0 = Receive|Any CPU
		{B781173F-6B16-498A-A795-6E56458DAC26}.Release|Any CPU.ActiveCfg = Release|Any CPU
		{B781173F-6B16-498A-A795-6E56458DAC26}.Release|Any CPU.Build.0 = Release|Any CPU
		{B781173F-6B16-498A-A795-6E56458DAC26}.Release|x86.ActiveCfg = Release|Any CPU
		{E13DA142-10E8-46F1-AF6F-6006E9D1585C}.Debug|Any CPU.ActiveCfg = Debug|Any CPU
		{E13DA142-10E8-46F1-AF6F-6006E9D1585C}.Debug|Any CPU.Build.0 = Debug|Any CPU
		{E13DA142-10E8-46F1-AF6F-6006E9D1585C}.Debug|x86.ActiveCfg = Debug|Any CPU
		{E13DA142-10E8-46F1-AF6F-6006E9D1585C}.ReadOnly|Any CPU.ActiveCfg = ReadOnly|Any CPU
		{E13DA142-10E8-46F1-AF6F-6006E9D1585C}.ReadOnly|Any CPU.Build.0 = ReadOnly|Any CPU
		{E13DA142-10E8-46F1-AF6F-6006E9D1585C}.ReadOnly|x86.ActiveCfg = ReadOnly|Any CPU
		{E13DA142-10E8-46F1-AF6F-6006E9D1585C}.Receive|Any CPU.ActiveCfg = Release|Any CPU
		{E13DA142-10E8-46F1-AF6F-6006E9D1585C}.Receive|Any CPU.Build.0 = Release|Any CPU
		{E13DA142-10E8-46F1-AF6F-6006E9D1585C}.Receive|x86.ActiveCfg = Receive|Any CPU
		{E13DA142-10E8-46F1-AF6F-6006E9D1585C}.Receive|x86.Build.0 = Receive|Any CPU
		{E13DA142-10E8-46F1-AF6F-6006E9D1585C}.Release|Any CPU.ActiveCfg = Release|Any CPU
		{E13DA142-10E8-46F1-AF6F-6006E9D1585C}.Release|Any CPU.Build.0 = Release|Any CPU
		{E13DA142-10E8-46F1-AF6F-6006E9D1585C}.Release|x86.ActiveCfg = Release|Any CPU
		{A1F6D1D1-CAB8-4759-9445-2C69990F61AE}.Debug|Any CPU.ActiveCfg = Debug|Any CPU
		{A1F6D1D1-CAB8-4759-9445-2C69990F61AE}.Debug|Any CPU.Build.0 = Debug|Any CPU
		{A1F6D1D1-CAB8-4759-9445-2C69990F61AE}.Debug|x86.ActiveCfg = Debug|Any CPU
		{A1F6D1D1-CAB8-4759-9445-2C69990F61AE}.ReadOnly|Any CPU.ActiveCfg = ReadOnly|Any CPU
		{A1F6D1D1-CAB8-4759-9445-2C69990F61AE}.ReadOnly|Any CPU.Build.0 = ReadOnly|Any CPU
		{A1F6D1D1-CAB8-4759-9445-2C69990F61AE}.ReadOnly|x86.ActiveCfg = ReadOnly|Any CPU
		{A1F6D1D1-CAB8-4759-9445-2C69990F61AE}.Receive|Any CPU.ActiveCfg = Release|Any CPU
		{A1F6D1D1-CAB8-4759-9445-2C69990F61AE}.Receive|Any CPU.Build.0 = Release|Any CPU
		{A1F6D1D1-CAB8-4759-9445-2C69990F61AE}.Receive|x86.ActiveCfg = Receive|Any CPU
		{A1F6D1D1-CAB8-4759-9445-2C69990F61AE}.Receive|x86.Build.0 = Receive|Any CPU
		{A1F6D1D1-CAB8-4759-9445-2C69990F61AE}.Release|Any CPU.ActiveCfg = Release|Any CPU
		{A1F6D1D1-CAB8-4759-9445-2C69990F61AE}.Release|Any CPU.Build.0 = Release|Any CPU
		{A1F6D1D1-CAB8-4759-9445-2C69990F61AE}.Release|x86.ActiveCfg = Release|Any CPU
		{8A1FB4B0-5B2F-4242-8122-E305BC22F13B}.Debug|Any CPU.ActiveCfg = Debug|Any CPU
		{8A1FB4B0-5B2F-4242-8122-E305BC22F13B}.Debug|Any CPU.Build.0 = Debug|Any CPU
		{8A1FB4B0-5B2F-4242-8122-E305BC22F13B}.Debug|x86.ActiveCfg = Debug|Any CPU
		{8A1FB4B0-5B2F-4242-8122-E305BC22F13B}.ReadOnly|Any CPU.ActiveCfg = ReadOnly|Any CPU
		{8A1FB4B0-5B2F-4242-8122-E305BC22F13B}.ReadOnly|Any CPU.Build.0 = ReadOnly|Any CPU
		{8A1FB4B0-5B2F-4242-8122-E305BC22F13B}.ReadOnly|x86.ActiveCfg = ReadOnly|Any CPU
		{8A1FB4B0-5B2F-4242-8122-E305BC22F13B}.Receive|Any CPU.ActiveCfg = Release|Any CPU
		{8A1FB4B0-5B2F-4242-8122-E305BC22F13B}.Receive|Any CPU.Build.0 = Release|Any CPU
		{8A1FB4B0-5B2F-4242-8122-E305BC22F13B}.Receive|x86.ActiveCfg = Receive|Any CPU
		{8A1FB4B0-5B2F-4242-8122-E305BC22F13B}.Receive|x86.Build.0 = Receive|Any CPU
		{8A1FB4B0-5B2F-4242-8122-E305BC22F13B}.Release|Any CPU.ActiveCfg = Release|Any CPU
		{8A1FB4B0-5B2F-4242-8122-E305BC22F13B}.Release|Any CPU.Build.0 = Release|Any CPU
		{8A1FB4B0-5B2F-4242-8122-E305BC22F13B}.Release|x86.ActiveCfg = Release|Any CPU
		{83B4D6E5-645A-4375-ACCC-C88A053F95F1}.Debug|Any CPU.ActiveCfg = Debug|Any CPU
		{83B4D6E5-645A-4375-ACCC-C88A053F95F1}.Debug|Any CPU.Build.0 = Debug|Any CPU
		{83B4D6E5-645A-4375-ACCC-C88A053F95F1}.Debug|x86.ActiveCfg = Debug|Any CPU
		{83B4D6E5-645A-4375-ACCC-C88A053F95F1}.ReadOnly|Any CPU.ActiveCfg = ReadOnly|Any CPU
		{83B4D6E5-645A-4375-ACCC-C88A053F95F1}.ReadOnly|Any CPU.Build.0 = ReadOnly|Any CPU
		{83B4D6E5-645A-4375-ACCC-C88A053F95F1}.ReadOnly|x86.ActiveCfg = ReadOnly|Any CPU
		{83B4D6E5-645A-4375-ACCC-C88A053F95F1}.Receive|Any CPU.ActiveCfg = Release|Any CPU
		{83B4D6E5-645A-4375-ACCC-C88A053F95F1}.Receive|Any CPU.Build.0 = Release|Any CPU
		{83B4D6E5-645A-4375-ACCC-C88A053F95F1}.Receive|x86.ActiveCfg = Receive|Any CPU
		{83B4D6E5-645A-4375-ACCC-C88A053F95F1}.Receive|x86.Build.0 = Receive|Any CPU
		{83B4D6E5-645A-4375-ACCC-C88A053F95F1}.Release|Any CPU.ActiveCfg = Release|Any CPU
		{83B4D6E5-645A-4375-ACCC-C88A053F95F1}.Release|Any CPU.Build.0 = Release|Any CPU
		{83B4D6E5-645A-4375-ACCC-C88A053F95F1}.Release|x86.ActiveCfg = Release|Any CPU
		{2E280912-15BB-4D6A-B85E-AF3BF6BD87EB}.Debug|Any CPU.ActiveCfg = Debug|Any CPU
		{2E280912-15BB-4D6A-B85E-AF3BF6BD87EB}.Debug|Any CPU.Build.0 = Debug|Any CPU
		{2E280912-15BB-4D6A-B85E-AF3BF6BD87EB}.Debug|x86.ActiveCfg = Debug|Any CPU
		{2E280912-15BB-4D6A-B85E-AF3BF6BD87EB}.ReadOnly|Any CPU.ActiveCfg = Release|Any CPU
		{2E280912-15BB-4D6A-B85E-AF3BF6BD87EB}.ReadOnly|Any CPU.Build.0 = Release|Any CPU
		{2E280912-15BB-4D6A-B85E-AF3BF6BD87EB}.ReadOnly|x86.ActiveCfg = Release|Any CPU
		{2E280912-15BB-4D6A-B85E-AF3BF6BD87EB}.Receive|Any CPU.ActiveCfg = Release|Any CPU
		{2E280912-15BB-4D6A-B85E-AF3BF6BD87EB}.Receive|Any CPU.Build.0 = Release|Any CPU
		{2E280912-15BB-4D6A-B85E-AF3BF6BD87EB}.Receive|x86.ActiveCfg = Release|Any CPU
		{2E280912-15BB-4D6A-B85E-AF3BF6BD87EB}.Receive|x86.Build.0 = Release|Any CPU
		{2E280912-15BB-4D6A-B85E-AF3BF6BD87EB}.Release|Any CPU.ActiveCfg = Release|Any CPU
		{2E280912-15BB-4D6A-B85E-AF3BF6BD87EB}.Release|Any CPU.Build.0 = Release|Any CPU
		{2E280912-15BB-4D6A-B85E-AF3BF6BD87EB}.Release|x86.ActiveCfg = Release|Any CPU
		{F3BBB61D-EAB5-4D93-84D8-276CC3D486CE}.Debug|Any CPU.ActiveCfg = Debug|Any CPU
		{F3BBB61D-EAB5-4D93-84D8-276CC3D486CE}.Debug|Any CPU.Build.0 = Debug|Any CPU
		{F3BBB61D-EAB5-4D93-84D8-276CC3D486CE}.Debug|x86.ActiveCfg = Debug|Any CPU
		{F3BBB61D-EAB5-4D93-84D8-276CC3D486CE}.Debug|x86.Build.0 = Debug|Any CPU
		{F3BBB61D-EAB5-4D93-84D8-276CC3D486CE}.ReadOnly|Any CPU.ActiveCfg = Release|Any CPU
		{F3BBB61D-EAB5-4D93-84D8-276CC3D486CE}.ReadOnly|Any CPU.Build.0 = Release|Any CPU
		{F3BBB61D-EAB5-4D93-84D8-276CC3D486CE}.ReadOnly|x86.ActiveCfg = Release|Any CPU
		{F3BBB61D-EAB5-4D93-84D8-276CC3D486CE}.ReadOnly|x86.Build.0 = Release|Any CPU
		{F3BBB61D-EAB5-4D93-84D8-276CC3D486CE}.Receive|Any CPU.ActiveCfg = Release|Any CPU
		{F3BBB61D-EAB5-4D93-84D8-276CC3D486CE}.Receive|Any CPU.Build.0 = Release|Any CPU
		{F3BBB61D-EAB5-4D93-84D8-276CC3D486CE}.Receive|x86.ActiveCfg = Release|Any CPU
		{F3BBB61D-EAB5-4D93-84D8-276CC3D486CE}.Receive|x86.Build.0 = Release|Any CPU
		{F3BBB61D-EAB5-4D93-84D8-276CC3D486CE}.Release|Any CPU.ActiveCfg = Release|Any CPU
		{F3BBB61D-EAB5-4D93-84D8-276CC3D486CE}.Release|Any CPU.Build.0 = Release|Any CPU
		{F3BBB61D-EAB5-4D93-84D8-276CC3D486CE}.Release|x86.ActiveCfg = Release|Any CPU
		{F3BBB61D-EAB5-4D93-84D8-276CC3D486CE}.Release|x86.Build.0 = Release|Any CPU
		{8E942939-57AF-47C3-9293-C79AD61FBF08}.Debug|Any CPU.ActiveCfg = Debug|Any CPU
		{8E942939-57AF-47C3-9293-C79AD61FBF08}.Debug|Any CPU.Build.0 = Debug|Any CPU
		{8E942939-57AF-47C3-9293-C79AD61FBF08}.Debug|x86.ActiveCfg = Debug|Any CPU
		{8E942939-57AF-47C3-9293-C79AD61FBF08}.Debug|x86.Build.0 = Debug|Any CPU
		{8E942939-57AF-47C3-9293-C79AD61FBF08}.ReadOnly|Any CPU.ActiveCfg = Release|Any CPU
		{8E942939-57AF-47C3-9293-C79AD61FBF08}.ReadOnly|Any CPU.Build.0 = Release|Any CPU
		{8E942939-57AF-47C3-9293-C79AD61FBF08}.ReadOnly|x86.ActiveCfg = Release|Any CPU
		{8E942939-57AF-47C3-9293-C79AD61FBF08}.ReadOnly|x86.Build.0 = Release|Any CPU
		{8E942939-57AF-47C3-9293-C79AD61FBF08}.Receive|Any CPU.ActiveCfg = Release|Any CPU
		{8E942939-57AF-47C3-9293-C79AD61FBF08}.Receive|Any CPU.Build.0 = Release|Any CPU
		{8E942939-57AF-47C3-9293-C79AD61FBF08}.Receive|x86.ActiveCfg = Release|Any CPU
		{8E942939-57AF-47C3-9293-C79AD61FBF08}.Receive|x86.Build.0 = Release|Any CPU
		{8E942939-57AF-47C3-9293-C79AD61FBF08}.Release|Any CPU.ActiveCfg = Release|Any CPU
		{8E942939-57AF-47C3-9293-C79AD61FBF08}.Release|Any CPU.Build.0 = Release|Any CPU
		{8E942939-57AF-47C3-9293-C79AD61FBF08}.Release|x86.ActiveCfg = Release|Any CPU
		{8E942939-57AF-47C3-9293-C79AD61FBF08}.Release|x86.Build.0 = Release|Any CPU
		{C8A6CB0F-A39C-4D5C-B138-2FFC1F71EDC6}.Debug|Any CPU.ActiveCfg = Debug|Any CPU
		{C8A6CB0F-A39C-4D5C-B138-2FFC1F71EDC6}.Debug|Any CPU.Build.0 = Debug|Any CPU
		{C8A6CB0F-A39C-4D5C-B138-2FFC1F71EDC6}.Debug|x86.ActiveCfg = Debug|Any CPU
		{C8A6CB0F-A39C-4D5C-B138-2FFC1F71EDC6}.ReadOnly|Any CPU.ActiveCfg = Release|Any CPU
		{C8A6CB0F-A39C-4D5C-B138-2FFC1F71EDC6}.ReadOnly|Any CPU.Build.0 = Release|Any CPU
		{C8A6CB0F-A39C-4D5C-B138-2FFC1F71EDC6}.ReadOnly|x86.ActiveCfg = Release|Any CPU
		{C8A6CB0F-A39C-4D5C-B138-2FFC1F71EDC6}.Receive|Any CPU.ActiveCfg = Release|Any CPU
		{C8A6CB0F-A39C-4D5C-B138-2FFC1F71EDC6}.Receive|Any CPU.Build.0 = Release|Any CPU
		{C8A6CB0F-A39C-4D5C-B138-2FFC1F71EDC6}.Receive|x86.ActiveCfg = Release|Any CPU
		{C8A6CB0F-A39C-4D5C-B138-2FFC1F71EDC6}.Release|Any CPU.ActiveCfg = Release|Any CPU
		{C8A6CB0F-A39C-4D5C-B138-2FFC1F71EDC6}.Release|Any CPU.Build.0 = Release|Any CPU
		{C8A6CB0F-A39C-4D5C-B138-2FFC1F71EDC6}.Release|x86.ActiveCfg = Release|Any CPU
		{3B90C35B-B102-4977-B379-0269E65586B7}.Debug|Any CPU.ActiveCfg = Debug|Any CPU
		{3B90C35B-B102-4977-B379-0269E65586B7}.Debug|Any CPU.Build.0 = Debug|Any CPU
		{3B90C35B-B102-4977-B379-0269E65586B7}.Debug|x86.ActiveCfg = Debug|Any CPU
		{3B90C35B-B102-4977-B379-0269E65586B7}.ReadOnly|Any CPU.ActiveCfg = Release|Any CPU
		{3B90C35B-B102-4977-B379-0269E65586B7}.ReadOnly|Any CPU.Build.0 = Release|Any CPU
		{3B90C35B-B102-4977-B379-0269E65586B7}.ReadOnly|x86.ActiveCfg = Release|Any CPU
		{3B90C35B-B102-4977-B379-0269E65586B7}.Receive|Any CPU.ActiveCfg = Release|Any CPU
		{3B90C35B-B102-4977-B379-0269E65586B7}.Receive|Any CPU.Build.0 = Release|Any CPU
		{3B90C35B-B102-4977-B379-0269E65586B7}.Receive|x86.ActiveCfg = Release|Any CPU
		{3B90C35B-B102-4977-B379-0269E65586B7}.Release|Any CPU.ActiveCfg = Release|Any CPU
		{3B90C35B-B102-4977-B379-0269E65586B7}.Release|Any CPU.Build.0 = Release|Any CPU
		{3B90C35B-B102-4977-B379-0269E65586B7}.Release|x86.ActiveCfg = Release|Any CPU
		{4069DD86-11F3-4787-96CE-FAF405D806DB}.Debug|Any CPU.ActiveCfg = Debug|Any CPU
		{4069DD86-11F3-4787-96CE-FAF405D806DB}.Debug|Any CPU.Build.0 = Debug|Any CPU
		{4069DD86-11F3-4787-96CE-FAF405D806DB}.Debug|x86.ActiveCfg = Debug|Any CPU
		{4069DD86-11F3-4787-96CE-FAF405D806DB}.ReadOnly|Any CPU.ActiveCfg = Release|Any CPU
		{4069DD86-11F3-4787-96CE-FAF405D806DB}.ReadOnly|Any CPU.Build.0 = Release|Any CPU
		{4069DD86-11F3-4787-96CE-FAF405D806DB}.ReadOnly|x86.ActiveCfg = Release|Any CPU
		{4069DD86-11F3-4787-96CE-FAF405D806DB}.Receive|Any CPU.ActiveCfg = Release|Any CPU
		{4069DD86-11F3-4787-96CE-FAF405D806DB}.Receive|Any CPU.Build.0 = Release|Any CPU
		{4069DD86-11F3-4787-96CE-FAF405D806DB}.Receive|x86.ActiveCfg = Release|Any CPU
		{4069DD86-11F3-4787-96CE-FAF405D806DB}.Release|Any CPU.ActiveCfg = Release|Any CPU
		{4069DD86-11F3-4787-96CE-FAF405D806DB}.Release|Any CPU.Build.0 = Release|Any CPU
		{4069DD86-11F3-4787-96CE-FAF405D806DB}.Release|x86.ActiveCfg = Release|Any CPU
		{641C23F9-5A38-4865-BD03-84497D828CFB}.Debug|Any CPU.ActiveCfg = Debug|Any CPU
		{641C23F9-5A38-4865-BD03-84497D828CFB}.Debug|Any CPU.Build.0 = Debug|Any CPU
		{641C23F9-5A38-4865-BD03-84497D828CFB}.Debug|x86.ActiveCfg = Debug|Any CPU
		{641C23F9-5A38-4865-BD03-84497D828CFB}.ReadOnly|Any CPU.ActiveCfg = Release|Any CPU
		{641C23F9-5A38-4865-BD03-84497D828CFB}.ReadOnly|Any CPU.Build.0 = Release|Any CPU
		{641C23F9-5A38-4865-BD03-84497D828CFB}.ReadOnly|x86.ActiveCfg = Release|Any CPU
		{641C23F9-5A38-4865-BD03-84497D828CFB}.Receive|Any CPU.ActiveCfg = Release|Any CPU
		{641C23F9-5A38-4865-BD03-84497D828CFB}.Receive|Any CPU.Build.0 = Release|Any CPU
		{641C23F9-5A38-4865-BD03-84497D828CFB}.Receive|x86.ActiveCfg = Release|Any CPU
		{641C23F9-5A38-4865-BD03-84497D828CFB}.Release|Any CPU.ActiveCfg = Release|Any CPU
		{641C23F9-5A38-4865-BD03-84497D828CFB}.Release|Any CPU.Build.0 = Release|Any CPU
		{641C23F9-5A38-4865-BD03-84497D828CFB}.Release|x86.ActiveCfg = Release|Any CPU
		{14CCC446-85C1-4E71-B0C5-67804C567937}.Debug|Any CPU.ActiveCfg = Debug|Any CPU
		{14CCC446-85C1-4E71-B0C5-67804C567937}.Debug|Any CPU.Build.0 = Debug|Any CPU
		{14CCC446-85C1-4E71-B0C5-67804C567937}.Debug|x86.ActiveCfg = Debug|Any CPU
		{14CCC446-85C1-4E71-B0C5-67804C567937}.ReadOnly|Any CPU.ActiveCfg = Release|Any CPU
		{14CCC446-85C1-4E71-B0C5-67804C567937}.ReadOnly|Any CPU.Build.0 = Release|Any CPU
		{14CCC446-85C1-4E71-B0C5-67804C567937}.ReadOnly|x86.ActiveCfg = Release|Any CPU
		{14CCC446-85C1-4E71-B0C5-67804C567937}.Receive|Any CPU.ActiveCfg = Release|Any CPU
		{14CCC446-85C1-4E71-B0C5-67804C567937}.Receive|Any CPU.Build.0 = Release|Any CPU
		{14CCC446-85C1-4E71-B0C5-67804C567937}.Receive|x86.ActiveCfg = Release|Any CPU
		{14CCC446-85C1-4E71-B0C5-67804C567937}.Release|Any CPU.ActiveCfg = Release|Any CPU
		{14CCC446-85C1-4E71-B0C5-67804C567937}.Release|Any CPU.Build.0 = Release|Any CPU
		{14CCC446-85C1-4E71-B0C5-67804C567937}.Release|x86.ActiveCfg = Release|Any CPU
		{2B9EC82C-16A8-4272-8209-7667D47D2EED}.Debug|Any CPU.ActiveCfg = Debug|Any CPU
		{2B9EC82C-16A8-4272-8209-7667D47D2EED}.Debug|Any CPU.Build.0 = Debug|Any CPU
		{2B9EC82C-16A8-4272-8209-7667D47D2EED}.Debug|x86.ActiveCfg = Debug|Any CPU
		{2B9EC82C-16A8-4272-8209-7667D47D2EED}.ReadOnly|Any CPU.ActiveCfg = Release|Any CPU
		{2B9EC82C-16A8-4272-8209-7667D47D2EED}.ReadOnly|Any CPU.Build.0 = Release|Any CPU
		{2B9EC82C-16A8-4272-8209-7667D47D2EED}.ReadOnly|x86.ActiveCfg = Release|Any CPU
		{2B9EC82C-16A8-4272-8209-7667D47D2EED}.Receive|Any CPU.ActiveCfg = Release|Any CPU
		{2B9EC82C-16A8-4272-8209-7667D47D2EED}.Receive|Any CPU.Build.0 = Release|Any CPU
		{2B9EC82C-16A8-4272-8209-7667D47D2EED}.Receive|x86.ActiveCfg = Release|Any CPU
		{2B9EC82C-16A8-4272-8209-7667D47D2EED}.Release|Any CPU.ActiveCfg = Release|Any CPU
		{2B9EC82C-16A8-4272-8209-7667D47D2EED}.Release|Any CPU.Build.0 = Release|Any CPU
		{2B9EC82C-16A8-4272-8209-7667D47D2EED}.Release|x86.ActiveCfg = Release|Any CPU
		{36CDC8F7-229A-4818-A298-BE949EC580EC}.Debug|Any CPU.ActiveCfg = Debug|Any CPU
		{36CDC8F7-229A-4818-A298-BE949EC580EC}.Debug|Any CPU.Build.0 = Debug|Any CPU
		{36CDC8F7-229A-4818-A298-BE949EC580EC}.Debug|x86.ActiveCfg = Debug|Any CPU
		{36CDC8F7-229A-4818-A298-BE949EC580EC}.ReadOnly|Any CPU.ActiveCfg = Release|Any CPU
		{36CDC8F7-229A-4818-A298-BE949EC580EC}.ReadOnly|Any CPU.Build.0 = Release|Any CPU
		{36CDC8F7-229A-4818-A298-BE949EC580EC}.ReadOnly|x86.ActiveCfg = Release|Any CPU
		{36CDC8F7-229A-4818-A298-BE949EC580EC}.Receive|Any CPU.ActiveCfg = Release|Any CPU
		{36CDC8F7-229A-4818-A298-BE949EC580EC}.Receive|Any CPU.Build.0 = Release|Any CPU
		{36CDC8F7-229A-4818-A298-BE949EC580EC}.Receive|x86.ActiveCfg = Release|Any CPU
		{36CDC8F7-229A-4818-A298-BE949EC580EC}.Release|Any CPU.ActiveCfg = Release|Any CPU
		{36CDC8F7-229A-4818-A298-BE949EC580EC}.Release|Any CPU.Build.0 = Release|Any CPU
		{36CDC8F7-229A-4818-A298-BE949EC580EC}.Release|x86.ActiveCfg = Release|Any CPU
		{CC385DE6-FDA3-49CF-BC60-71627F249764}.Debug|Any CPU.ActiveCfg = Debug|Any CPU
		{CC385DE6-FDA3-49CF-BC60-71627F249764}.Debug|Any CPU.Build.0 = Debug|Any CPU
		{CC385DE6-FDA3-49CF-BC60-71627F249764}.Debug|x86.ActiveCfg = Debug|Any CPU
		{CC385DE6-FDA3-49CF-BC60-71627F249764}.ReadOnly|Any CPU.ActiveCfg = Release|Any CPU
		{CC385DE6-FDA3-49CF-BC60-71627F249764}.ReadOnly|Any CPU.Build.0 = Release|Any CPU
		{CC385DE6-FDA3-49CF-BC60-71627F249764}.ReadOnly|x86.ActiveCfg = Release|Any CPU
		{CC385DE6-FDA3-49CF-BC60-71627F249764}.Receive|Any CPU.ActiveCfg = Release|Any CPU
		{CC385DE6-FDA3-49CF-BC60-71627F249764}.Receive|Any CPU.Build.0 = Release|Any CPU
		{CC385DE6-FDA3-49CF-BC60-71627F249764}.Receive|x86.ActiveCfg = Release|Any CPU
		{CC385DE6-FDA3-49CF-BC60-71627F249764}.Release|Any CPU.ActiveCfg = Release|Any CPU
		{CC385DE6-FDA3-49CF-BC60-71627F249764}.Release|Any CPU.Build.0 = Release|Any CPU
		{CC385DE6-FDA3-49CF-BC60-71627F249764}.Release|x86.ActiveCfg = Release|Any CPU
		{83559E99-EA72-465F-AFED-29ABDDFA795E}.Debug|Any CPU.ActiveCfg = Debug|Any CPU
		{83559E99-EA72-465F-AFED-29ABDDFA795E}.Debug|Any CPU.Build.0 = Debug|Any CPU
		{83559E99-EA72-465F-AFED-29ABDDFA795E}.Debug|x86.ActiveCfg = Debug|Any CPU
		{83559E99-EA72-465F-AFED-29ABDDFA795E}.ReadOnly|Any CPU.ActiveCfg = Release|Any CPU
		{83559E99-EA72-465F-AFED-29ABDDFA795E}.ReadOnly|Any CPU.Build.0 = Release|Any CPU
		{83559E99-EA72-465F-AFED-29ABDDFA795E}.ReadOnly|x86.ActiveCfg = Release|Any CPU
		{83559E99-EA72-465F-AFED-29ABDDFA795E}.Receive|Any CPU.ActiveCfg = Release|Any CPU
		{83559E99-EA72-465F-AFED-29ABDDFA795E}.Receive|Any CPU.Build.0 = Release|Any CPU
		{83559E99-EA72-465F-AFED-29ABDDFA795E}.Receive|x86.ActiveCfg = Release|Any CPU
		{83559E99-EA72-465F-AFED-29ABDDFA795E}.Release|Any CPU.ActiveCfg = Release|Any CPU
		{83559E99-EA72-465F-AFED-29ABDDFA795E}.Release|Any CPU.Build.0 = Release|Any CPU
		{83559E99-EA72-465F-AFED-29ABDDFA795E}.Release|x86.ActiveCfg = Release|Any CPU
		{98FBFCBF-5979-40FC-91D4-1F075628616E}.Debug|Any CPU.ActiveCfg = Debug|Any CPU
		{98FBFCBF-5979-40FC-91D4-1F075628616E}.Debug|Any CPU.Build.0 = Debug|Any CPU
		{98FBFCBF-5979-40FC-91D4-1F075628616E}.Debug|x86.ActiveCfg = Debug|Any CPU
		{98FBFCBF-5979-40FC-91D4-1F075628616E}.Debug|x86.Build.0 = Debug|Any CPU
		{98FBFCBF-5979-40FC-91D4-1F075628616E}.ReadOnly|Any CPU.ActiveCfg = Release|Any CPU
		{98FBFCBF-5979-40FC-91D4-1F075628616E}.ReadOnly|Any CPU.Build.0 = Release|Any CPU
		{98FBFCBF-5979-40FC-91D4-1F075628616E}.ReadOnly|x86.ActiveCfg = Release|Any CPU
		{98FBFCBF-5979-40FC-91D4-1F075628616E}.ReadOnly|x86.Build.0 = Release|Any CPU
		{98FBFCBF-5979-40FC-91D4-1F075628616E}.Receive|Any CPU.ActiveCfg = Release|Any CPU
		{98FBFCBF-5979-40FC-91D4-1F075628616E}.Receive|Any CPU.Build.0 = Release|Any CPU
		{98FBFCBF-5979-40FC-91D4-1F075628616E}.Receive|x86.ActiveCfg = Release|Any CPU
		{98FBFCBF-5979-40FC-91D4-1F075628616E}.Receive|x86.Build.0 = Release|Any CPU
		{98FBFCBF-5979-40FC-91D4-1F075628616E}.Release|Any CPU.ActiveCfg = Release|Any CPU
		{98FBFCBF-5979-40FC-91D4-1F075628616E}.Release|Any CPU.Build.0 = Release|Any CPU
		{98FBFCBF-5979-40FC-91D4-1F075628616E}.Release|x86.ActiveCfg = Release|Any CPU
		{98FBFCBF-5979-40FC-91D4-1F075628616E}.Release|x86.Build.0 = Release|Any CPU
		{7D0B0A70-5A09-4095-AA7A-29F5888A3D35}.Debug|Any CPU.ActiveCfg = Debug|Any CPU
		{7D0B0A70-5A09-4095-AA7A-29F5888A3D35}.Debug|Any CPU.Build.0 = Debug|Any CPU
		{7D0B0A70-5A09-4095-AA7A-29F5888A3D35}.Debug|x86.ActiveCfg = Debug|Any CPU
		{7D0B0A70-5A09-4095-AA7A-29F5888A3D35}.ReadOnly|Any CPU.ActiveCfg = Release|Any CPU
		{7D0B0A70-5A09-4095-AA7A-29F5888A3D35}.ReadOnly|Any CPU.Build.0 = Release|Any CPU
		{7D0B0A70-5A09-4095-AA7A-29F5888A3D35}.ReadOnly|x86.ActiveCfg = Release|Any CPU
		{7D0B0A70-5A09-4095-AA7A-29F5888A3D35}.Receive|Any CPU.ActiveCfg = Release|Any CPU
		{7D0B0A70-5A09-4095-AA7A-29F5888A3D35}.Receive|Any CPU.Build.0 = Release|Any CPU
		{7D0B0A70-5A09-4095-AA7A-29F5888A3D35}.Receive|x86.ActiveCfg = Release|Any CPU
		{7D0B0A70-5A09-4095-AA7A-29F5888A3D35}.Release|Any CPU.ActiveCfg = Release|Any CPU
		{7D0B0A70-5A09-4095-AA7A-29F5888A3D35}.Release|Any CPU.Build.0 = Release|Any CPU
		{7D0B0A70-5A09-4095-AA7A-29F5888A3D35}.Release|x86.ActiveCfg = Release|Any CPU
		{A292E05C-D343-4174-8363-BF7528FFE9DB}.Debug|Any CPU.ActiveCfg = Debug|Any CPU
		{A292E05C-D343-4174-8363-BF7528FFE9DB}.Debug|Any CPU.Build.0 = Debug|Any CPU
		{A292E05C-D343-4174-8363-BF7528FFE9DB}.Debug|x86.ActiveCfg = Debug|Any CPU
		{A292E05C-D343-4174-8363-BF7528FFE9DB}.ReadOnly|Any CPU.ActiveCfg = Release|Any CPU
		{A292E05C-D343-4174-8363-BF7528FFE9DB}.ReadOnly|Any CPU.Build.0 = Release|Any CPU
		{A292E05C-D343-4174-8363-BF7528FFE9DB}.ReadOnly|x86.ActiveCfg = Release|Any CPU
		{A292E05C-D343-4174-8363-BF7528FFE9DB}.Receive|Any CPU.ActiveCfg = Release|Any CPU
		{A292E05C-D343-4174-8363-BF7528FFE9DB}.Receive|Any CPU.Build.0 = Release|Any CPU
		{A292E05C-D343-4174-8363-BF7528FFE9DB}.Receive|x86.ActiveCfg = Release|Any CPU
		{A292E05C-D343-4174-8363-BF7528FFE9DB}.Release|Any CPU.ActiveCfg = Release|Any CPU
		{A292E05C-D343-4174-8363-BF7528FFE9DB}.Release|Any CPU.Build.0 = Release|Any CPU
		{A292E05C-D343-4174-8363-BF7528FFE9DB}.Release|x86.ActiveCfg = Release|Any CPU
		{C93F70BD-4E34-4F7E-AC90-69745679FFFC}.Debug|Any CPU.ActiveCfg = Debug|Any CPU
		{C93F70BD-4E34-4F7E-AC90-69745679FFFC}.Debug|Any CPU.Build.0 = Debug|Any CPU
		{C93F70BD-4E34-4F7E-AC90-69745679FFFC}.Debug|x86.ActiveCfg = Debug|Any CPU
		{C93F70BD-4E34-4F7E-AC90-69745679FFFC}.ReadOnly|Any CPU.ActiveCfg = Release|Any CPU
		{C93F70BD-4E34-4F7E-AC90-69745679FFFC}.ReadOnly|Any CPU.Build.0 = Release|Any CPU
		{C93F70BD-4E34-4F7E-AC90-69745679FFFC}.ReadOnly|x86.ActiveCfg = Release|Any CPU
		{C93F70BD-4E34-4F7E-AC90-69745679FFFC}.Receive|Any CPU.ActiveCfg = Release|Any CPU
		{C93F70BD-4E34-4F7E-AC90-69745679FFFC}.Receive|Any CPU.Build.0 = Release|Any CPU
		{C93F70BD-4E34-4F7E-AC90-69745679FFFC}.Receive|x86.ActiveCfg = Release|Any CPU
		{C93F70BD-4E34-4F7E-AC90-69745679FFFC}.Release|Any CPU.ActiveCfg = Release|Any CPU
		{C93F70BD-4E34-4F7E-AC90-69745679FFFC}.Release|Any CPU.Build.0 = Release|Any CPU
		{C93F70BD-4E34-4F7E-AC90-69745679FFFC}.Release|x86.ActiveCfg = Release|Any CPU
	EndGlobalSection
	GlobalSection(SolutionProperties) = preSolution
		HideSolutionNode = FALSE
	EndGlobalSection
EndGlobal
